
Microsoft Visual Studio Solution File, Format Version 12.00
# Visual Studio 15
Project("{FAE04EC0-301F-11D3-BF4B-00C04F79EFBC}") = "DatingApp.API", "DatingApp.API.csproj", "{539141DB-FF8D-4574-89FD-C83884CF0224}"
EndProject
Global
	GlobalSection(SolutionConfigurationPlatforms) = preSolution
		Debug|Any CPU = Debug|Any CPU
		Release|Any CPU = Release|Any CPU
	EndGlobalSection
	GlobalSection(ProjectConfigurationPlatforms) = postSolution
		{539141DB-FF8D-4574-89FD-C83884CF0224}.Debug|Any CPU.ActiveCfg = Debug|Any CPU
		{539141DB-FF8D-4574-89FD-C83884CF0224}.Debug|Any CPU.Build.0 = Debug|Any CPU
		{539141DB-FF8D-4574-89FD-C83884CF0224}.Release|Any CPU.ActiveCfg = Release|Any CPU
		{539141DB-FF8D-4574-89FD-C83884CF0224}.Release|Any CPU.Build.0 = Release|Any CPU
	EndGlobalSection
EndGlobal
